// !$*UTF8*$!
{
	archiveVersion = 1;
	classes = {
	};
	objectVersion = 46;
	objects = {

/* Begin PBXBuildFile section */
		2F73DAAD1D251FDA00E489E0 /* main.m in Sources */ = {isa = PBXBuildFile; fileRef = 2F73DAAC1D251FDA00E489E0 /* main.m */; };
		2F73DAB01D251FDA00E489E0 /* AppDelegate.m in Sources */ = {isa = PBXBuildFile; fileRef = 2F73DAAF1D251FDA00E489E0 /* AppDelegate.m */; };
		2F73DAB31D251FDA00E489E0 /* ViewController.m in Sources */ = {isa = PBXBuildFile; fileRef = 2F73DAB21D251FDA00E489E0 /* ViewController.m */; };
		2F73DAB61D251FDA00E489E0 /* Main.storyboard in Resources */ = {isa = PBXBuildFile; fileRef = 2F73DAB41D251FDA00E489E0 /* Main.storyboard */; };
		2F73DAB81D251FDA00E489E0 /* Assets.xcassets in Resources */ = {isa = PBXBuildFile; fileRef = 2F73DAB71D251FDA00E489E0 /* Assets.xcassets */; };
		2F73DABB1D251FDA00E489E0 /* LaunchScreen.storyboard in Resources */ = {isa = PBXBuildFile; fileRef = 2F73DAB91D251FDA00E489E0 /* LaunchScreen.storyboard */; };
		2F73DAC61D251FDA00E489E0 /* DLSliderDemoTests.m in Sources */ = {isa = PBXBuildFile; fileRef = 2F73DAC51D251FDA00E489E0 /* DLSliderDemoTests.m */; };
		2F73DAD11D251FDA00E489E0 /* DLSliderDemoUITests.m in Sources */ = {isa = PBXBuildFile; fileRef = 2F73DAD01D251FDA00E489E0 /* DLSliderDemoUITests.m */; };
		2F73DAE11D25201400E489E0 /* DLSlider.m in Sources */ = {isa = PBXBuildFile; fileRef = 2F73DAE01D25201400E489E0 /* DLSlider.m */; };
/* End PBXBuildFile section */

/* Begin PBXContainerItemProxy section */
		2F73DAC21D251FDA00E489E0 /* PBXContainerItemProxy */ = {
			isa = PBXContainerItemProxy;
			containerPortal = 2F73DAA01D251FDA00E489E0 /* Project object */;
			proxyType = 1;
			remoteGlobalIDString = 2F73DAA71D251FDA00E489E0;
			remoteInfo = DLSliderDemo;
		};
		2F73DACD1D251FDA00E489E0 /* PBXContainerItemProxy */ = {
			isa = PBXContainerItemProxy;
			containerPortal = 2F73DAA01D251FDA00E489E0 /* Project object */;
			proxyType = 1;
			remoteGlobalIDString = 2F73DAA71D251FDA00E489E0;
			remoteInfo = DLSliderDemo;
		};
/* End PBXContainerItemProxy section */

/* Begin PBXFileReference section */
		2F73DAA81D251FDA00E489E0 /* DLSliderDemo.app */ = {isa = PBXFileReference; explicitFileType = wrapper.application; includeInIndex = 0; path = DLSliderDemo.app; sourceTree = BUILT_PRODUCTS_DIR; };
		2F73DAAC1D251FDA00E489E0 /* main.m */ = {isa = PBXFileReference; lastKnownFileType = sourcecode.c.objc; path = main.m; sourceTree = "<group>"; };
		2F73DAAE1D251FDA00E489E0 /* AppDelegate.h */ = {isa = PBXFileReference; lastKnownFileType = sourcecode.c.h; path = AppDelegate.h; sourceTree = "<group>"; };
		2F73DAAF1D251FDA00E489E0 /* AppDelegate.m */ = {isa = PBXFileReference; lastKnownFileType = sourcecode.c.objc; path = AppDelegate.m; sourceTree = "<group>"; };
		2F73DAB11D251FDA00E489E0 /* ViewController.h */ = {isa = PBXFileReference; lastKnownFileType = sourcecode.c.h; path = ViewController.h; sourceTree = "<group>"; };
		2F73DAB21D251FDA00E489E0 /* ViewController.m */ = {isa = PBXFileReference; lastKnownFileType = sourcecode.c.objc; path = ViewController.m; sourceTree = "<group>"; };
		2F73DAB51D251FDA00E489E0 /* Base */ = {isa = PBXFileReference; lastKnownFileType = file.storyboard; name = Base; path = Base.lproj/Main.storyboard; sourceTree = "<group>"; };
		2F73DAB71D251FDA00E489E0 /* Assets.xcassets */ = {isa = PBXFileReference; lastKnownFileType = folder.assetcatalog; path = Assets.xcassets; sourceTree = "<group>"; };
		2F73DABA1D251FDA00E489E0 /* Base */ = {isa = PBXFileReference; lastKnownFileType = file.storyboard; name = Base; path = Base.lproj/LaunchScreen.storyboard; sourceTree = "<group>"; };
		2F73DABC1D251FDA00E489E0 /* Info.plist */ = {isa = PBXFileReference; lastKnownFileType = text.plist.xml; path = Info.plist; sourceTree = "<group>"; };
		2F73DAC11D251FDA00E489E0 /* DLSliderDemoTests.xctest */ = {isa = PBXFileReference; explicitFileType = wrapper.cfbundle; includeInIndex = 0; path = DLSliderDemoTests.xctest; sourceTree = BUILT_PRODUCTS_DIR; };
		2F73DAC51D251FDA00E489E0 /* DLSliderDemoTests.m */ = {isa = PBXFileReference; lastKnownFileType = sourcecode.c.objc; path = DLSliderDemoTests.m; sourceTree = "<group>"; };
		2F73DAC71D251FDA00E489E0 /* Info.plist */ = {isa = PBXFileReference; lastKnownFileType = text.plist.xml; path = Info.plist; sourceTree = "<group>"; };
		2F73DACC1D251FDA00E489E0 /* DLSliderDemoUITests.xctest */ = {isa = PBXFileReference; explicitFileType = wrapper.cfbundle; includeInIndex = 0; path = DLSliderDemoUITests.xctest; sourceTree = BUILT_PRODUCTS_DIR; };
		2F73DAD01D251FDA00E489E0 /* DLSliderDemoUITests.m */ = {isa = PBXFileReference; lastKnownFileType = sourcecode.c.objc; path = DLSliderDemoUITests.m; sourceTree = "<group>"; };
		2F73DAD21D251FDA00E489E0 /* Info.plist */ = {isa = PBXFileReference; lastKnownFileType = text.plist.xml; path = Info.plist; sourceTree = "<group>"; };
		2F73DADF1D25201400E489E0 /* DLSlider.h */ = {isa = PBXFileReference; fileEncoding = 4; lastKnownFileType = sourcecode.c.h; path = DLSlider.h; sourceTree = "<group>"; };
		2F73DAE01D25201400E489E0 /* DLSlider.m */ = {isa = PBXFileReference; fileEncoding = 4; lastKnownFileType = sourcecode.c.objc; path = DLSlider.m; sourceTree = "<group>"; };
/* End PBXFileReference section */

/* Begin PBXFrameworksBuildPhase section */
		2F73DAA51D251FDA00E489E0 /* Frameworks */ = {
			isa = PBXFrameworksBuildPhase;
			buildActionMask = 2147483647;
			files = (
			);
			runOnlyForDeploymentPostprocessing = 0;
		};
		2F73DABE1D251FDA00E489E0 /* Frameworks */ = {
			isa = PBXFrameworksBuildPhase;
			buildActionMask = 2147483647;
			files = (
			);
			runOnlyForDeploymentPostprocessing = 0;
		};
		2F73DAC91D251FDA00E489E0 /* Frameworks */ = {
			isa = PBXFrameworksBuildPhase;
			buildActionMask = 2147483647;
			files = (
			);
			runOnlyForDeploymentPostprocessing = 0;
		};
/* End PBXFrameworksBuildPhase section */

/* Begin PBXGroup section */
		2F73DA9F1D251FDA00E489E0 = {
			isa = PBXGroup;
			children = (
				2F73DADE1D251FEA00E489E0 /* DLSlider */,
				2F73DAAA1D251FDA00E489E0 /* DLSliderDemo */,
				2F73DAC41D251FDA00E489E0 /* DLSliderDemoTests */,
				2F73DACF1D251FDA00E489E0 /* DLSliderDemoUITests */,
				2F73DAA91D251FDA00E489E0 /* Products */,
			);
			sourceTree = "<group>";
		};
		2F73DAA91D251FDA00E489E0 /* Products */ = {
			isa = PBXGroup;
			children = (
				2F73DAA81D251FDA00E489E0 /* DLSliderDemo.app */,
				2F73DAC11D251FDA00E489E0 /* DLSliderDemoTests.xctest */,
				2F73DACC1D251FDA00E489E0 /* DLSliderDemoUITests.xctest */,
			);
			name = Products;
			sourceTree = "<group>";
		};
		2F73DAAA1D251FDA00E489E0 /* DLSliderDemo */ = {
			isa = PBXGroup;
			children = (
				2F73DAAE1D251FDA00E489E0 /* AppDelegate.h */,
				2F73DAAF1D251FDA00E489E0 /* AppDelegate.m */,
				2F73DAB11D251FDA00E489E0 /* ViewController.h */,
				2F73DAB21D251FDA00E489E0 /* ViewController.m */,
				2F73DAB41D251FDA00E489E0 /* Main.storyboard */,
				2F73DAB71D251FDA00E489E0 /* Assets.xcassets */,
				2F73DAB91D251FDA00E489E0 /* LaunchScreen.storyboard */,
				2F73DABC1D251FDA00E489E0 /* Info.plist */,
				2F73DAAB1D251FDA00E489E0 /* Supporting Files */,
			);
			path = DLSliderDemo;
			sourceTree = "<group>";
		};
		2F73DAAB1D251FDA00E489E0 /* Supporting Files */ = {
			isa = PBXGroup;
			children = (
				2F73DAAC1D251FDA00E489E0 /* main.m */,
			);
			name = "Supporting Files";
			sourceTree = "<group>";
		};
		2F73DAC41D251FDA00E489E0 /* DLSliderDemoTests */ = {
			isa = PBXGroup;
			children = (
				2F73DAC51D251FDA00E489E0 /* DLSliderDemoTests.m */,
				2F73DAC71D251FDA00E489E0 /* Info.plist */,
			);
			path = DLSliderDemoTests;
			sourceTree = "<group>";
		};
		2F73DACF1D251FDA00E489E0 /* DLSliderDemoUITests */ = {
			isa = PBXGroup;
			children = (
				2F73DAD01D251FDA00E489E0 /* DLSliderDemoUITests.m */,
				2F73DAD21D251FDA00E489E0 /* Info.plist */,
			);
			path = DLSliderDemoUITests;
			sourceTree = "<group>";
		};
		2F73DADE1D251FEA00E489E0 /* DLSlider */ = {
			isa = PBXGroup;
			children = (
				2F73DADF1D25201400E489E0 /* DLSlider.h */,
				2F73DAE01D25201400E489E0 /* DLSlider.m */,
			);
			path = DLSlider;
			sourceTree = "<group>";
		};
/* End PBXGroup section */

/* Begin PBXNativeTarget section */
		2F73DAA71D251FDA00E489E0 /* DLSliderDemo */ = {
			isa = PBXNativeTarget;
			buildConfigurationList = 2F73DAD51D251FDA00E489E0 /* Build configuration list for PBXNativeTarget "DLSliderDemo" */;
			buildPhases = (
				2F73DAA41D251FDA00E489E0 /* Sources */,
				2F73DAA51D251FDA00E489E0 /* Frameworks */,
				2F73DAA61D251FDA00E489E0 /* Resources */,
			);
			buildRules = (
			);
			dependencies = (
			);
			name = DLSliderDemo;
			productName = DLSliderDemo;
			productReference = 2F73DAA81D251FDA00E489E0 /* DLSliderDemo.app */;
			productType = "com.apple.product-type.application";
		};
		2F73DAC01D251FDA00E489E0 /* DLSliderDemoTests */ = {
			isa = PBXNativeTarget;
			buildConfigurationList = 2F73DAD81D251FDA00E489E0 /* Build configuration list for PBXNativeTarget "DLSliderDemoTests" */;
			buildPhases = (
				2F73DABD1D251FDA00E489E0 /* Sources */,
				2F73DABE1D251FDA00E489E0 /* Frameworks */,
				2F73DABF1D251FDA00E489E0 /* Resources */,
			);
			buildRules = (
			);
			dependencies = (
				2F73DAC31D251FDA00E489E0 /* PBXTargetDependency */,
			);
			name = DLSliderDemoTests;
			productName = DLSliderDemoTests;
			productReference = 2F73DAC11D251FDA00E489E0 /* DLSliderDemoTests.xctest */;
			productType = "com.apple.product-type.bundle.unit-test";
		};
		2F73DACB1D251FDA00E489E0 /* DLSliderDemoUITests */ = {
			isa = PBXNativeTarget;
			buildConfigurationList = 2F73DADB1D251FDA00E489E0 /* Build configuration list for PBXNativeTarget "DLSliderDemoUITests" */;
			buildPhases = (
				2F73DAC81D251FDA00E489E0 /* Sources */,
				2F73DAC91D251FDA00E489E0 /* Frameworks */,
				2F73DACA1D251FDA00E489E0 /* Resources */,
			);
			buildRules = (
			);
			dependencies = (
				2F73DACE1D251FDA00E489E0 /* PBXTargetDependency */,
			);
			name = DLSliderDemoUITests;
			productName = DLSliderDemoUITests;
			productReference = 2F73DACC1D251FDA00E489E0 /* DLSliderDemoUITests.xctest */;
			productType = "com.apple.product-type.bundle.ui-testing";
		};
/* End PBXNativeTarget section */

/* Begin PBXProject section */
		2F73DAA01D251FDA00E489E0 /* Project object */ = {
			isa = PBXProject;
			attributes = {
				LastUpgradeCheck = 0730;
				ORGANIZATIONNAME = www.visualogies.com;
				TargetAttributes = {
					2F73DAA71D251FDA00E489E0 = {
						CreatedOnToolsVersion = 7.3.1;
						DevelopmentTeam = 7C42L52533;
					};
					2F73DAC01D251FDA00E489E0 = {
						CreatedOnToolsVersion = 7.3.1;
						TestTargetID = 2F73DAA71D251FDA00E489E0;
					};
					2F73DACB1D251FDA00E489E0 = {
						CreatedOnToolsVersion = 7.3.1;
						TestTargetID = 2F73DAA71D251FDA00E489E0;
					};
				};
			};
			buildConfigurationList = 2F73DAA31D251FDA00E489E0 /* Build configuration list for PBXProject "DLSliderDemo" */;
			compatibilityVersion = "Xcode 3.2";
			developmentRegion = English;
			hasScannedForEncodings = 0;
			knownRegions = (
				en,
				Base,
			);
			mainGroup = 2F73DA9F1D251FDA00E489E0;
			productRefGroup = 2F73DAA91D251FDA00E489E0 /* Products */;
			projectDirPath = "";
			projectRoot = "";
			targets = (
				2F73DAA71D251FDA00E489E0 /* DLSliderDemo */,
				2F73DAC01D251FDA00E489E0 /* DLSliderDemoTests */,
				2F73DACB1D251FDA00E489E0 /* DLSliderDemoUITests */,
			);
		};
/* End PBXProject section */

/* Begin PBXResourcesBuildPhase section */
		2F73DAA61D251FDA00E489E0 /* Resources */ = {
			isa = PBXResourcesBuildPhase;
			buildActionMask = 2147483647;
			files = (
				2F73DABB1D251FDA00E489E0 /* LaunchScreen.storyboard in Resources */,
				2F73DAB81D251FDA00E489E0 /* Assets.xcassets in Resources */,
				2F73DAB61D251FDA00E489E0 /* Main.storyboard in Resources */,
			);
			runOnlyForDeploymentPostprocessing = 0;
		};
		2F73DABF1D251FDA00E489E0 /* Resources */ = {
			isa = PBXResourcesBuildPhase;
			buildActionMask = 2147483647;
			files = (
			);
			runOnlyForDeploymentPostprocessing = 0;
		};
		2F73DACA1D251FDA00E489E0 /* Resources */ = {
			isa = PBXResourcesBuildPhase;
			buildActionMask = 2147483647;
			files = (
			);
			runOnlyForDeploymentPostprocessing = 0;
		};
/* End PBXResourcesBuildPhase section */

/* Begin PBXSourcesBuildPhase section */
		2F73DAA41D251FDA00E489E0 /* Sources */ = {
			isa = PBXSourcesBuildPhase;
			buildActionMask = 2147483647;
			files = (
				2F73DAE11D25201400E489E0 /* DLSlider.m in Sources */,
				2F73DAB31D251FDA00E489E0 /* ViewController.m in Sources */,
				2F73DAB01D251FDA00E489E0 /* AppDelegate.m in Sources */,
				2F73DAAD1D251FDA00E489E0 /* main.m in Sources */,
			);
			runOnlyForDeploymentPostprocessing = 0;
		};
		2F73DABD1D251FDA00E489E0 /* Sources */ = {
			isa = PBXSourcesBuildPhase;
			buildActionMask = 2147483647;
			files = (
				2F73DAC61D251FDA00E489E0 /* DLSliderDemoTests.m in Sources */,
			);
			runOnlyForDeploymentPostprocessing = 0;
		};
		2F73DAC81D251FDA00E489E0 /* Sources */ = {
			isa = PBXSourcesBuildPhase;
			buildActionMask = 2147483647;
			files = (
				2F73DAD11D251FDA00E489E0 /* DLSliderDemoUITests.m in Sources */,
			);
			runOnlyForDeploymentPostprocessing = 0;
		};
/* End PBXSourcesBuildPhase section */

/* Begin PBXTargetDependency section */
		2F73DAC31D251FDA00E489E0 /* PBXTargetDependency */ = {
			isa = PBXTargetDependency;
			target = 2F73DAA71D251FDA00E489E0 /* DLSliderDemo */;
			targetProxy = 2F73DAC21D251FDA00E489E0 /* PBXContainerItemProxy */;
		};
		2F73DACE1D251FDA00E489E0 /* PBXTargetDependency */ = {
			isa = PBXTargetDependency;
			target = 2F73DAA71D251FDA00E489E0 /* DLSliderDemo */;
			targetProxy = 2F73DACD1D251FDA00E489E0 /* PBXContainerItemProxy */;
		};
/* End PBXTargetDependency section */

/* Begin PBXVariantGroup section */
		2F73DAB41D251FDA00E489E0 /* Main.storyboard */ = {
			isa = PBXVariantGroup;
			children = (
				2F73DAB51D251FDA00E489E0 /* Base */,
			);
			name = Main.storyboard;
			sourceTree = "<group>";
		};
		2F73DAB91D251FDA00E489E0 /* LaunchScreen.storyboard */ = {
			isa = PBXVariantGroup;
			children = (
				2F73DABA1D251FDA00E489E0 /* Base */,
			);
			name = LaunchScreen.storyboard;
			sourceTree = "<group>";
		};
/* End PBXVariantGroup section */

/* Begin XCBuildConfiguration section */
		2F73DAD31D251FDA00E489E0 /* Debug */ = {
			isa = XCBuildConfiguration;
			buildSettings = {
				ALWAYS_SEARCH_USER_PATHS = NO;
				CLANG_ANALYZER_NONNULL = YES;
				CLANG_CXX_LANGUAGE_STANDARD = "gnu++0x";
				CLANG_CXX_LIBRARY = "libc++";
				CLANG_ENABLE_MODULES = YES;
				CLANG_ENABLE_OBJC_ARC = YES;
				CLANG_WARN_BOOL_CONVERSION = YES;
				CLANG_WARN_CONSTANT_CONVERSION = YES;
				CLANG_WARN_DIRECT_OBJC_ISA_USAGE = YES_ERROR;
				CLANG_WARN_EMPTY_BODY = YES;
				CLANG_WARN_ENUM_CONVERSION = YES;
				CLANG_WARN_INT_CONVERSION = YES;
				CLANG_WARN_OBJC_ROOT_CLASS = YES_ERROR;
				CLANG_WARN_UNREACHABLE_CODE = YES;
				CLANG_WARN__DUPLICATE_METHOD_MATCH = YES;
				"CODE_SIGN_IDENTITY[sdk=iphoneos*]" = "iPhone Developer";
				COPY_PHASE_STRIP = NO;
				DEBUG_INFORMATION_FORMAT = dwarf;
				ENABLE_STRICT_OBJC_MSGSEND = YES;
				ENABLE_TESTABILITY = YES;
				GCC_C_LANGUAGE_STANDARD = gnu99;
				GCC_DYNAMIC_NO_PIC = NO;
				GCC_NO_COMMON_BLOCKS = YES;
				GCC_OPTIMIZATION_LEVEL = 0;
				GCC_PREPROCESSOR_DEFINITIONS = (
					"DEBUG=1",
					"$(inherited)",
				);
				GCC_WARN_64_TO_32_BIT_CONVERSION = YES;
				GCC_WARN_ABOUT_RETURN_TYPE = YES_ERROR;
				GCC_WARN_UNDECLARED_SELECTOR = YES;
				GCC_WARN_UNINITIALIZED_AUTOS = YES_AGGRESSIVE;
				GCC_WARN_UNUSED_FUNCTION = YES;
				GCC_WARN_UNUSED_VARIABLE = YES;
				IPHONEOS_DEPLOYMENT_TARGET = 9.3;
				MTL_ENABLE_DEBUG_INFO = YES;
				ONLY_ACTIVE_ARCH = YES;
				SDKROOT = iphoneos;
				TARGETED_DEVICE_FAMILY = "1,2";
			};
			name = Debug;
		};
		2F73DAD41D251FDA00E489E0 /* Release */ = {
			isa = XCBuildConfiguration;
			buildSettings = {
				ALWAYS_SEARCH_USER_PATHS = NO;
				CLANG_ANALYZER_NONNULL = YES;
				CLANG_CXX_LANGUAGE_STANDARD = "gnu++0x";
				CLANG_CXX_LIBRARY = "libc++";
				CLANG_ENABLE_MODULES = YES;
				CLANG_ENABLE_OBJC_ARC = YES;
				CLANG_WARN_BOOL_CONVERSION = YES;
				CLANG_WARN_CONSTANT_CONVERSION = YES;
				CLANG_WARN_DIRECT_OBJC_ISA_USAGE = YES_ERROR;
				CLANG_WARN_EMPTY_BODY = YES;
				CLANG_WARN_ENUM_CONVERSION = YES;
				CLANG_WARN_INT_CONVERSION = YES;
				CLANG_WARN_OBJC_ROOT_CLASS = YES_ERROR;
				CLANG_WARN_UNREACHABLE_CODE = YES;
				CLANG_WARN__DUPLICATE_METHOD_MATCH = YES;
				"CODE_SIGN_IDENTITY[sdk=iphoneos*]" = "iPhone Developer";
				COPY_PHASE_STRIP = NO;
				DEBUG_INFORMATION_FORMAT = "dwarf-with-dsym";
				ENABLE_NS_ASSERTIONS = NO;
				ENABLE_STRICT_OBJC_MSGSEND = YES;
				GCC_C_LANGUAGE_STANDARD = gnu99;
				GCC_NO_COMMON_BLOCKS = YES;
				GCC_WARN_64_TO_32_BIT_CONVERSION = YES;
				GCC_WARN_ABOUT_RETURN_TYPE = YES_ERROR;
				GCC_WARN_UNDECLARED_SELECTOR = YES;
				GCC_WARN_UNINITIALIZED_AUTOS = YES_AGGRESSIVE;
				GCC_WARN_UNUSED_FUNCTION = YES;
				GCC_WARN_UNUSED_VARIABLE = YES;
				IPHONEOS_DEPLOYMENT_TARGET = 9.3;
				MTL_ENABLE_DEBUG_INFO = NO;
				SDKROOT = iphoneos;
				TARGETED_DEVICE_FAMILY = "1,2";
				VALIDATE_PRODUCT = YES;
			};
			name = Release;
		};
		2F73DAD61D251FDA00E489E0 /* Debug */ = {
			isa = XCBuildConfiguration;
			buildSettings = {
				ASSETCATALOG_COMPILER_APPICON_NAME = AppIcon;
				CODE_SIGN_IDENTITY = "iPhone Developer";
				INFOPLIST_FILE = DLSliderDemo/Info.plist;
				LD_RUNPATH_SEARCH_PATHS = "$(inherited) @executable_path/Frameworks";
				PRODUCT_BUNDLE_IDENTIFIER = com.visualogies.DLSliderDemo;
				PRODUCT_NAME = "$(TARGET_NAME)";
			};
			name = Debug;
		};
		2F73DAD71D251FDA00E489E0 /* Release */ = {
			isa = XCBuildConfiguration;
			buildSettings = {
				ASSETCATALOG_COMPILER_APPICON_NAME = AppIcon;
				CODE_SIGN_IDENTITY = "iPhone Developer";
				INFOPLIST_FILE = DLSliderDemo/Info.plist;
				LD_RUNPATH_SEARCH_PATHS = "$(inherited) @executable_path/Frameworks";
				PRODUCT_BUNDLE_IDENTIFIER = com.visualogies.DLSliderDemo;
				PRODUCT_NAME = "$(TARGET_NAME)";
			};
			name = Release;
		};
		2F73DAD91D251FDA00E489E0 /* Debug */ = {
			isa = XCBuildConfiguration;
			buildSettings = {
				BUNDLE_LOADER = "$(TEST_HOST)";
				INFOPLIST_FILE = DLSliderDemoTests/Info.plist;
				LD_RUNPATH_SEARCH_PATHS = "$(inherited) @executable_path/Frameworks @loader_path/Frameworks";
				PRODUCT_BUNDLE_IDENTIFIER = com.visualogies.DLSliderDemoTests;
				PRODUCT_NAME = "$(TARGET_NAME)";
				TEST_HOST = "$(BUILT_PRODUCTS_DIR)/DLSliderDemo.app/DLSliderDemo";
			};
			name = Debug;
		};
		2F73DADA1D251FDA00E489E0 /* Release */ = {
			isa = XCBuildConfiguration;
			buildSettings = {
				BUNDLE_LOADER = "$(TEST_HOST)";
				INFOPLIST_FILE = DLSliderDemoTests/Info.plist;
				LD_RUNPATH_SEARCH_PATHS = "$(inherited) @executable_path/Frameworks @loader_path/Frameworks";
				PRODUCT_BUNDLE_IDENTIFIER = com.visualogies.DLSliderDemoTests;
				PRODUCT_NAME = "$(TARGET_NAME)";
				TEST_HOST = "$(BUILT_PRODUCTS_DIR)/DLSliderDemo.app/DLSliderDemo";
			};
			name = Release;
		};
		2F73DADC1D251FDA00E489E0 /* Debug */ = {
			isa = XCBuildConfiguration;
			buildSettings = {
				INFOPLIST_FILE = DLSliderDemoUITests/Info.plist;
				LD_RUNPATH_SEARCH_PATHS = "$(inherited) @executable_path/Frameworks @loader_path/Frameworks";
				PRODUCT_BUNDLE_IDENTIFIER = com.visualogies.DLSliderDemoUITests;
				PRODUCT_NAME = "$(TARGET_NAME)";
				TEST_TARGET_NAME = DLSliderDemo;
			};
			name = Debug;
		};
		2F73DADD1D251FDA00E489E0 /* Release */ = {
			isa = XCBuildConfiguration;
			buildSettings = {
				INFOPLIST_FILE = DLSliderDemoUITests/Info.plist;
				LD_RUNPATH_SEARCH_PATHS = "$(inherited) @executable_path/Frameworks @loader_path/Frameworks";
				PRODUCT_BUNDLE_IDENTIFIER = com.visualogies.DLSliderDemoUITests;
				PRODUCT_NAME = "$(TARGET_NAME)";
				TEST_TARGET_NAME = DLSliderDemo;
			};
			name = Release;
		};
/* End XCBuildConfiguration section */

/* Begin XCConfigurationList section */
		2F73DAA31D251FDA00E489E0 /* Build configuration list for PBXProject "DLSliderDemo" */ = {
			isa = XCConfigurationList;
			buildConfigurations = (
				2F73DAD31D251FDA00E489E0 /* Debug */,
				2F73DAD41D251FDA00E489E0 /* Release */,
			);
			defaultConfigurationIsVisible = 0;
			defaultConfigurationName = Release;
		};
		2F73DAD51D251FDA00E489E0 /* Build configuration list for PBXNativeTarget "DLSliderDemo" */ = {
			isa = XCConfigurationList;
			buildConfigurations = (
				2F73DAD61D251FDA00E489E0 /* Debug */,
				2F73DAD71D251FDA00E489E0 /* Release */,
			);
			defaultConfigurationIsVisible = 0;
		};
		2F73DAD81D251FDA00E489E0 /* Build configuration list for PBXNativeTarget "DLSliderDemoTests" */ = {
			isa = XCConfigurationList;
			buildConfigurations = (
				2F73DAD91D251FDA00E489E0 /* Debug */,
				2F73DADA1D251FDA00E489E0 /* Release */,
			);
			defaultConfigurationIsVisible = 0;
		};
		2F73DADB1D251FDA00E489E0 /* Build configuration list for PBXNativeTarget "DLSliderDemoUITests" */ = {
			isa = XCConfigurationList;
			buildConfigurations = (
				2F73DADC1D251FDA00E489E0 /* Debug */,
				2F73DADD1D251FDA00E489E0 /* Release */,
			);
			defaultConfigurationIsVisible = 0;
		};
/* End XCConfigurationList section */
	};
	rootObject = 2F73DAA01D251FDA00E489E0 /* Project object */;
}
